<?xml version="1.0" encoding="utf-8"?>
<Project ToolsVersion="4.0" xmlns="http://schemas.microsoft.com/developer/msbuild/2003">
  <ItemGroup>
    <Filter Include="Headers">
      <UniqueIdentifier>{93995380-89BD-4b04-88EB-625FBE52EBFB}</UniqueIdentifier>
      <Extensions>h;hh;hpp;hxx;h++;hm;inl;inc;ipp;xsd</Extensions>
    </Filter>
    <Filter Include="Source">
      <UniqueIdentifier>{4FC737F1-C7A5-4376-A066-2A32D752A2FF}</UniqueIdentifier>
      <Extensions>cpp;c;cc;cxx;c++;cppm;ixx;def;odl;idl;hpj;bat;asm;asmx</Extensions>
    </Filter>
    <Filter Include="Resources">
      <UniqueIdentifier>{67DA6AB6-F800-4c08-8B7A-83BB121AAD01}</UniqueIdentifier>
      <Extensions>rc;ico;cur;bmp;dlg;rc2;rct;bin;rgs;gif;jpg;jpeg;jpe;resx;tiff;tif;png;wav;mfcribbon-ms</Extensions>
    </Filter>
  </ItemGroup>
  <ItemGroup>
    <ClInclude Include="framework.h">
      <Filter>Headers</Filter>
    </ClInclude>
    <ClInclude Include="pch.h">
      <Filter>Headers</Filter>
    </ClInclude>
    <ClInclude Include="TaskbarProgress\TaskbarProgress.h">
      <Filter>Headers</Filter>
    </ClInclude>
    <ClInclude Include="resource.h">
      <Filter>Headers</Filter>
    </ClInclude>
    <ClInclude Include="RoundCorner\RoundCorner.h">
      <Filter>Headers</Filter>
    </ClInclude>
    <ClInclude Include="MemoryCleaner\MemoryCleaner.h">
      <Filter>Headers</Filter>
    </ClInclude>
    <ClInclude Include="ListViewHelper\ListViewHelper.h">
      <Filter>Headers</Filter>
    </ClInclude>
    <ClInclude Include="ThemeManager\ThemeManager.h">
      <Filter>Headers</Filter>
    </ClInclude>
    <ClInclude Include="ThemeManager\IATHook.h">
      <Filter>Headers</Filter>
    </ClInclude>
    <ClInclude Include="DisplayHelper\DisplayHelper.h">
      <Filter>Headers</Filter>
    </ClInclude>
    <ClInclude Include="TaskScheduler\TaskScheduler.h">
      <Filter>Headers</Filter>
    </ClInclude>
    <ClInclude Include="ShellLink\ShellLink.h">
      <Filter>Headers</Filter>
    </ClInclude>
    <ClInclude Include="CommonDialogs\CommonDialogs.h">
      <Filter>Headers</Filter>
    </ClInclude>
  </ItemGroup>
  <ItemGroup>
    <ClCompile Include="pch.cpp">
      <Filter>Source</Filter>
    </ClCompile>
    <ClCompile Include="TaskbarProgress\TaskbarProgress.cpp">
      <Filter>Source</Filter>
    </ClCompile>
    <ClCompile Include="RoundCorner\RoundCorner.cpp">
      <Filter>Source</Filter>
    </ClCompile>
    <ClCompile Include="MemoryCleaner\MemoryCleaner.cpp">
      <Filter>Source</Filter>
    </ClCompile>
    <ClCompile Include="ListViewHelper\ListViewHelper.cpp">
      <Filter>Source</Filter>
    </ClCompile>
    <ClCompile Include="ThemeManager\ThemeManager.cpp">
      <Filter>Source</Filter>
    </ClCompile>
    <ClCompile Include="DisplayHelper\DisplayHelper.cpp">
      <Filter>Source</Filter>
    </ClCompile>
    <ClCompile Include="TaskScheduler\TaskScheduler.cpp">
      <Filter>Source</Filter>
    </ClCompile>
    <ClCompile Include="ShellLink\ShellLink.cpp">
      <Filter>Source</Filter>
    </ClCompile>
    <ClCompile Include="CommonDialogs\CommonDialogs.cpp">
      <Filter>Source</Filter>
    </ClCompile>
  </ItemGroup>
  <ItemGroup>
    <ResourceCompile Include="PlainCEETimer.Natives.rc">
      <Filter>Resources</Filter>
    </ResourceCompile>
  </ItemGroup>
  <ItemGroup>
    <None Include="Source.def">
      <Filter>Source</Filter>
    </None>
  </ItemGroup>
</Project>